
Microsoft Visual Studio Solution File, Format Version 12.00
# Visual Studio Version 17
VisualStudioVersion = 17.0.31912.275
MinimumVisualStudioVersion = 10.0.40219.1
Project("{FAE04EC0-301F-11D3-BF4B-00C04F79EFBC}") = "D86_CE", "D86_CE.csproj", "{70F26F32-C368-4CA4-86BA-FCB3BC0E3AD7}"
EndProject
Project("{FAE04EC0-301F-11D3-BF4B-00C04F79EFBC}") = "Installer", "..\Installer\Installer.csproj", "{FDAF3C5E-707C-487A-8A22-F8AF89403849}"
EndProject
Global
	GlobalSection(SolutionConfigurationPlatforms) = preSolution
		Debug|Any CPU = Debug|Any CPU
		Release|Any CPU = Release|Any CPU
	EndGlobalSection
	GlobalSection(ProjectConfigurationPlatforms) = postSolution
		{70F26F32-C368-4CA4-86BA-FCB3BC0E3AD7}.Debug|Any CPU.ActiveCfg = Release|Any CPU
		{70F26F32-C368-4CA4-86BA-FCB3BC0E3AD7}.Debug|Any CPU.Build.0 = Release|Any CPU
		{70F26F32-C368-4CA4-86BA-FCB3BC0E3AD7}.Release|Any CPU.ActiveCfg = Release|Any CPU
		{70F26F32-C368-4CA4-86BA-FCB3BC0E3AD7}.Release|Any CPU.Build.0 = Release|Any CPU
		{FDAF3C5E-707C-487A-8A22-F8AF89403849}.Debug|Any CPU.ActiveCfg = Debug|Any CPU
		{FDAF3C5E-707C-487A-8A22-F8AF89403849}.Debug|Any CPU.Build.0 = Debug|Any CPU
		{FDAF3C5E-707C-487A-8A22-F8AF89403849}.Release|Any CPU.ActiveCfg = Release|Any CPU
		{FDAF3C5E-707C-487A-8A22-F8AF89403849}.Release|Any CPU.Build.0 = Release|Any CPU
	EndGlobalSection
	GlobalSection(SolutionProperties) = preSolution
		HideSolutionNode = FALSE
	EndGlobalSection
	GlobalSection(ExtensibilityGlobals) = postSolution
		SolutionGuid = {5E9621B7-A4EC-4171-8EFB-4C8A03FA55F0}
	EndGlobalSection
EndGlobal
